Microsoft Visual Studio Solution File, Format Version 12.00
# Visual Studio Version 17
VisualStudioVersion = 17.5.2.0
MinimumVisualStudioVersion = 10.0.40219.1
Project("{FAE04EC0-301F-11D3-BF4B-00C04F79EFBC}") = "CommunityPortal", "CommunityPortal.csproj", "{E8CEABD0-4092-E081-5715-2A3F543C25E4}"
EndProject
Global
	GlobalSection(SolutionConfigurationPlatforms) = preSolution
		Debug|Any CPU = Debug|Any CPU
		Release|Any CPU = Release|Any CPU
	EndGlobalSection
	GlobalSection(ProjectConfigurationPlatforms) = postSolution
		{E8CEABD0-4092-E081-5715-2A3F543C25E4}.Debug|Any CPU.ActiveCfg = Debug|Any CPU
		{E8CEABD0-4092-E081-5715-2A3F543C25E4}.Debug|Any CPU.Build.0 = Debug|Any CPU
		{E8CEABD0-4092-E081-5715-2A3F543C25E4}.Release|Any CPU.ActiveCfg = Release|Any CPU
		{E8CEABD0-4092-E081-5715-2A3F543C25E4}.Release|Any CPU.Build.0 = Release|Any CPU
	EndGlobalSection
	GlobalSection(SolutionProperties) = preSolution
		HideSolutionNode = FALSE
	EndGlobalSection
	GlobalSection(ExtensibilityGlobals) = postSolution
		SolutionGuid = {176AB10C-9B39-44EB-BACC-588C133C85FD}
	EndGlobalSection
EndGlobal
